
Microsoft Visual Studio Solution File, Format Version 12.00
# Visual Studio Version 17
VisualStudioVersion = 17.8.34330.188
MinimumVisualStudioVersion = 10.0.40219.1
Project("{9A19103F-16F7-4668-BE54-9A1E7A4F7556}") = "KnowledgeSharingApi", "KnowledgeSharingApi\KnowledgeSharingApi.csproj", "{DD87B67E-1FE1-4F86-8C83-2C77D59A6499}"
EndProject
Project("{9A19103F-16F7-4668-BE54-9A1E7A4F7556}") = "KnowledgeSharingApi.Domains", "KnowledgeSharingApi.Domain\KnowledgeSharingApi.Domains.csproj", "{AAC24767-FBC3-4092-9411-BAF50BB6D9CA}"
EndProject
Project("{9A19103F-16F7-4668-BE54-9A1E7A4F7556}") = "KnowledgeSharingApi.Services", "KnowledgeSharingApi.Service\KnowledgeSharingApi.Services.csproj", "{8965275C-E6E9-4593-AB12-C1AB707B21C3}"
EndProject
Project("{9A19103F-16F7-4668-BE54-9A1E7A4F7556}") = "KnowledgeSharingApi.Infrastructures", "KnowledgeSharingApi.Infrastructure\KnowledgeSharingApi.Infrastructures.csproj", "{A8B03245-8D7F-4D3A-9E8D-16B408A95E16}"
EndProject
Project("{FAE04EC0-301F-11D3-BF4B-00C04F79EFBC}") = "KnowledgeSharingApi.UnitTests.Services", "KnowledgeSharingApi.Services.UnitTests\KnowledgeSharingApi.UnitTests.Services.csproj", "{746C395D-A82D-4523-9CDC-F721FA2ECA2C}"
EndProject
Global
	GlobalSection(SolutionConfigurationPlatforms) = preSolution
		Debug|Any CPU = Debug|Any CPU
		Release|Any CPU = Release|Any CPU
	EndGlobalSection
	GlobalSection(ProjectConfigurationPlatforms) = postSolution
		{DD87B67E-1FE1-4F86-8C83-2C77D59A6499}.Debug|Any CPU.ActiveCfg = Debug|Any CPU
		{DD87B67E-1FE1-4F86-8C83-2C77D59A6499}.Debug|Any CPU.Build.0 = Debug|Any CPU
		{DD87B67E-1FE1-4F86-8C83-2C77D59A6499}.Release|Any CPU.ActiveCfg = Release|Any CPU
		{DD87B67E-1FE1-4F86-8C83-2C77D59A6499}.Release|Any CPU.Build.0 = Release|Any CPU
		{AAC24767-FBC3-4092-9411-BAF50BB6D9CA}.Debug|Any CPU.ActiveCfg = Debug|Any CPU
		{AAC24767-FBC3-4092-9411-BAF50BB6D9CA}.Debug|Any CPU.Build.0 = Debug|Any CPU
		{AAC24767-FBC3-4092-9411-BAF50BB6D9CA}.Release|Any CPU.ActiveCfg = Release|Any CPU
		{AAC24767-FBC3-4092-9411-BAF50BB6D9CA}.Release|Any CPU.Build.0 = Release|Any CPU
		{8965275C-E6E9-4593-AB12-C1AB707B21C3}.Debug|Any CPU.ActiveCfg = Debug|Any CPU
		{8965275C-E6E9-4593-AB12-C1AB707B21C3}.Debug|Any CPU.Build.0 = Debug|Any CPU
		{8965275C-E6E9-4593-AB12-C1AB707B21C3}.Release|Any CPU.ActiveCfg = Release|Any CPU
		{8965275C-E6E9-4593-AB12-C1AB707B21C3}.Release|Any CPU.Build.0 = Release|Any CPU
		{A8B03245-8D7F-4D3A-9E8D-16B408A95E16}.Debug|Any CPU.ActiveCfg = Debug|Any CPU
		{A8B03245-8D7F-4D3A-9E8D-16B408A95E16}.Debug|Any CPU.Build.0 = Debug|Any CPU
		{A8B03245-8D7F-4D3A-9E8D-16B408A95E16}.Release|Any CPU.ActiveCfg = Release|Any CPU
		{A8B03245-8D7F-4D3A-9E8D-16B408A95E16}.Release|Any CPU.Build.0 = Release|Any CPU
		{746C395D-A82D-4523-9CDC-F721FA2ECA2C}.Debug|Any CPU.ActiveCfg = Debug|Any CPU
		{746C395D-A82D-4523-9CDC-F721FA2ECA2C}.Debug|Any CPU.Build.0 = Debug|Any CPU
		{746C395D-A82D-4523-9CDC-F721FA2ECA2C}.Release|Any CPU.ActiveCfg = Release|Any CPU
		{746C395D-A82D-4523-9CDC-F721FA2ECA2C}.Release|Any CPU.Build.0 = Release|Any CPU
	EndGlobalSection
	GlobalSection(SolutionProperties) = preSolution
		HideSolutionNode = FALSE
	EndGlobalSection
	GlobalSection(ExtensibilityGlobals) = postSolution
		SolutionGuid = {4DEBAB8C-FB25-48C0-B393-AEEE2D289F15}
	EndGlobalSection
EndGlobal
